[[package]]
name = "jsonpickle"
version = "2.1.0"
description = "Python library for serializing any arbitrary object graph into JSON"
category = "main"
optional = false
python-versions = ">=2.7"

[package.extras]
docs = ["sphinx", "jaraco.packaging (>=3.2)", "rst.linker (>=1.9)"]
testing = ["pytest (>=3.5,!=3.7.3)", "pytest-checkdocs (>=1.2.3)", "pytest-flake8", "pytest-black-multipy", "pytest-cov", "ecdsa", "feedparser", "numpy", "pandas", "pymongo", "scikit-learn", "sqlalchemy", "enum34", "jsonlib"]
"testing.libs" = ["demjson", "simplejson", "ujson", "yajl"]

[[package]]
name = "python-dotenv"
version = "0.20.0"
description = "Read key-value pairs from a .env file and set them as environment variables"
category = "main"
optional = false
python-versions = ">=3.5"

[package.extras]
cli = ["click (>=5.0)"]

[metadata]
lock-version = "1.1"
python-versions = "^3.8"
content-hash = "ba9b10d84a0f268a296bb0284c0124450ed1b4be1da60ac761bd8fbbd6ab68f1"

[metadata.files]
jsonpickle = [
    {file = "jsonpickle-2.1.0-py2.py3-none-any.whl", hash = "sha256:1dee77ddc5d652dfdabc33d33cff9d7e131d428007007da4fd6f7071ae774b0f"},
    {file = "jsonpickle-2.1.0.tar.gz", hash = "sha256:84684cfc5338a534173c8dd69809e40f2865d0be1f8a2b7af8465e5b968dcfa9"},
]
python-dotenv = [
    {file = "python-dotenv-0.20.0.tar.gz", hash = "sha256:b7e3b04a59693c42c36f9ab1cc2acc46fa5df8c78e178fc33a8d4cd05c8d498f"},
    {file = "python_dotenv-0.20.0-py3-none-any.whl", hash = "sha256:d92a187be61fe482e4fd675b6d52200e7be63a12b724abbf931a40ce4fa92938"},
]
